
Microsoft Visual Studio Solution File, Format Version 12.00
# Visual Studio Version 17
VisualStudioVersion = 17.12.35309.182
MinimumVisualStudioVersion = 10.0.40219.1
Project("{FAE04EC0-301F-11D3-BF4B-00C04F79EFBC}") = "DataGridStarostin", "DataGridStarostin.csproj", "{2D1DA7FA-CC21-4C67-AE4C-9FC77D6AED03}"
EndProject
Project("{9A19103F-16F7-4668-BE54-9A1E7A4F7556}") = "DataGridStarostin.Standart.Contracts", "DataGridStarostin.Standart.Contracts\DataGridStarostin.Standart.Contracts.csproj", "{7BDD5E78-9A84-4553-82ED-08340E689753}"
EndProject
Project("{9A19103F-16F7-4668-BE54-9A1E7A4F7556}") = "DataGridStarostin.Standart.ApplicantManager", "DataGridStarostin.Standart.ApplicantManager\DataGridStarostin.Standart.ApplicantManager.csproj", "{069A5319-5A2F-4CA0-A2EB-99B27EE65279}"
EndProject
Project("{9A19103F-16F7-4668-BE54-9A1E7A4F7556}") = "DataGridStarostin.Standart.Storage.Memory", "DataGridStarostin.Standart.Storage.Memory\DataGridStarostin.Standart.Storage.Memory.csproj", "{DC7DF6F2-B095-4FF3-A23D-D21A0047CC02}"
EndProject
Project("{FAE04EC0-301F-11D3-BF4B-00C04F79EFBC}") = "DataGridStarostin.Standart.Storage.Memory.Tests", "DataGridStarostin.Standart.Storage.Memory.Tests\DataGridStarostin.Standart.Storage.Memory.Tests.csproj", "{C7DC1703-01CA-443E-87DA-62AED7EB586B}"
EndProject
Project("{FAE04EC0-301F-11D3-BF4B-00C04F79EFBC}") = "DataGridStarostin.Standart.ApplicantManager.Tests", "DataGridStarostin.Standart.ApplicantManager.Tests\DataGridStarostin.Standart.ApplicantManager.Tests.csproj", "{DC9BB72A-384E-4EB4-9E01-F522BAAE87FB}"
EndProject
Project("{9A19103F-16F7-4668-BE54-9A1E7A4F7556}") = "DataGridStarostin.WebApplication", "DataGridStarostin.WebApplication\DataGridStarostin.WebApplication.csproj", "{E187428D-4C00-40B3-9BEB-A6D3C764AE23}"
EndProject
Project("{FAE04EC0-301F-11D3-BF4B-00C04F79EFBC}") = "DataGridStarostin.Standart.Storage.DB", "DataGridStarostin.Standart.Storage.DB\DataGridStarostin.Standart.Storage.DB.csproj", "{45E9F57E-160E-4C8D-9354-C9AD9FE4BC10}"
EndProject
Global
	GlobalSection(SolutionConfigurationPlatforms) = preSolution
		Debug|Any CPU = Debug|Any CPU
		Release|Any CPU = Release|Any CPU
	EndGlobalSection
	GlobalSection(ProjectConfigurationPlatforms) = postSolution
		{2D1DA7FA-CC21-4C67-AE4C-9FC77D6AED03}.Debug|Any CPU.ActiveCfg = Debug|Any CPU
		{2D1DA7FA-CC21-4C67-AE4C-9FC77D6AED03}.Debug|Any CPU.Build.0 = Debug|Any CPU
		{2D1DA7FA-CC21-4C67-AE4C-9FC77D6AED03}.Release|Any CPU.ActiveCfg = Release|Any CPU
		{2D1DA7FA-CC21-4C67-AE4C-9FC77D6AED03}.Release|Any CPU.Build.0 = Release|Any CPU
		{7BDD5E78-9A84-4553-82ED-08340E689753}.Debug|Any CPU.ActiveCfg = Debug|Any CPU
		{7BDD5E78-9A84-4553-82ED-08340E689753}.Debug|Any CPU.Build.0 = Debug|Any CPU
		{7BDD5E78-9A84-4553-82ED-08340E689753}.Release|Any CPU.ActiveCfg = Release|Any CPU
		{7BDD5E78-9A84-4553-82ED-08340E689753}.Release|Any CPU.Build.0 = Release|Any CPU
		{069A5319-5A2F-4CA0-A2EB-99B27EE65279}.Debug|Any CPU.ActiveCfg = Debug|Any CPU
		{069A5319-5A2F-4CA0-A2EB-99B27EE65279}.Debug|Any CPU.Build.0 = Debug|Any CPU
		{069A5319-5A2F-4CA0-A2EB-99B27EE65279}.Release|Any CPU.ActiveCfg = Release|Any CPU
		{069A5319-5A2F-4CA0-A2EB-99B27EE65279}.Release|Any CPU.Build.0 = Release|Any CPU
		{DC7DF6F2-B095-4FF3-A23D-D21A0047CC02}.Debug|Any CPU.ActiveCfg = Debug|Any CPU
		{DC7DF6F2-B095-4FF3-A23D-D21A0047CC02}.Debug|Any CPU.Build.0 = Debug|Any CPU
		{DC7DF6F2-B095-4FF3-A23D-D21A0047CC02}.Release|Any CPU.ActiveCfg = Release|Any CPU
		{DC7DF6F2-B095-4FF3-A23D-D21A0047CC02}.Release|Any CPU.Build.0 = Release|Any CPU
		{C7DC1703-01CA-443E-87DA-62AED7EB586B}.Debug|Any CPU.ActiveCfg = Debug|Any CPU
		{C7DC1703-01CA-443E-87DA-62AED7EB586B}.Debug|Any CPU.Build.0 = Debug|Any CPU
		{C7DC1703-01CA-443E-87DA-62AED7EB586B}.Release|Any CPU.ActiveCfg = Release|Any CPU
		{C7DC1703-01CA-443E-87DA-62AED7EB586B}.Release|Any CPU.Build.0 = Release|Any CPU
		{DC9BB72A-384E-4EB4-9E01-F522BAAE87FB}.Debug|Any CPU.ActiveCfg = Debug|Any CPU
		{DC9BB72A-384E-4EB4-9E01-F522BAAE87FB}.Debug|Any CPU.Build.0 = Debug|Any CPU
		{DC9BB72A-384E-4EB4-9E01-F522BAAE87FB}.Release|Any CPU.ActiveCfg = Release|Any CPU
		{DC9BB72A-384E-4EB4-9E01-F522BAAE87FB}.Release|Any CPU.Build.0 = Release|Any CPU
		{E187428D-4C00-40B3-9BEB-A6D3C764AE23}.Debug|Any CPU.ActiveCfg = Debug|Any CPU
		{E187428D-4C00-40B3-9BEB-A6D3C764AE23}.Debug|Any CPU.Build.0 = Debug|Any CPU
		{E187428D-4C00-40B3-9BEB-A6D3C764AE23}.Release|Any CPU.ActiveCfg = Release|Any CPU
		{E187428D-4C00-40B3-9BEB-A6D3C764AE23}.Release|Any CPU.Build.0 = Release|Any CPU
		{45E9F57E-160E-4C8D-9354-C9AD9FE4BC10}.Debug|Any CPU.ActiveCfg = Debug|Any CPU
		{45E9F57E-160E-4C8D-9354-C9AD9FE4BC10}.Debug|Any CPU.Build.0 = Debug|Any CPU
		{45E9F57E-160E-4C8D-9354-C9AD9FE4BC10}.Release|Any CPU.ActiveCfg = Release|Any CPU
		{45E9F57E-160E-4C8D-9354-C9AD9FE4BC10}.Release|Any CPU.Build.0 = Release|Any CPU
	EndGlobalSection
	GlobalSection(SolutionProperties) = preSolution
		HideSolutionNode = FALSE
	EndGlobalSection
	GlobalSection(ExtensibilityGlobals) = postSolution
		SolutionGuid = {4DD01C76-86C4-410E-9F88-5E1F1E6E0822}
	EndGlobalSection
EndGlobal
