
Microsoft Visual Studio Solution File, Format Version 12.00
# Visual Studio Version 17
VisualStudioVersion = 17.12.35309.182
MinimumVisualStudioVersion = 10.0.40219.1
Project("{FAE04EC0-301F-11D3-BF4B-00C04F79EFBC}") = "DataGridStarostin", "DataGridStarostin.csproj", "{2D1DA7FA-CC21-4C67-AE4C-9FC77D6AED03}"
EndProject
Project("{FAE04EC0-301F-11D3-BF4B-00C04F79EFBC}") = "DataGridStarostin.Standart.Contracts", "DataGridStarostin.Standart.Contracts\DataGridStarostin.Standart.Contracts.csproj", "{7BDD5E78-9A84-4553-82ED-08340E689753}"
EndProject
Project("{FAE04EC0-301F-11D3-BF4B-00C04F79EFBC}") = "DataGridStarostin.Standart.ApplicantManager", "DataGridStarostin.Standart.ApplicantManager\DataGridStarostin.Standart.ApplicantManager.csproj", "{069A5319-5A2F-4CA0-A2EB-99B27EE65279}"
EndProject
Global
	GlobalSection(SolutionConfigurationPlatforms) = preSolution
		Debug|Any CPU = Debug|Any CPU
		Release|Any CPU = Release|Any CPU
	EndGlobalSection
	GlobalSection(ProjectConfigurationPlatforms) = postSolution
		{2D1DA7FA-CC21-4C67-AE4C-9FC77D6AED03}.Debug|Any CPU.ActiveCfg = Debug|Any CPU
		{2D1DA7FA-CC21-4C67-AE4C-9FC77D6AED03}.Debug|Any CPU.Build.0 = Debug|Any CPU
		{2D1DA7FA-CC21-4C67-AE4C-9FC77D6AED03}.Release|Any CPU.ActiveCfg = Release|Any CPU
		{2D1DA7FA-CC21-4C67-AE4C-9FC77D6AED03}.Release|Any CPU.Build.0 = Release|Any CPU
		{7BDD5E78-9A84-4553-82ED-08340E689753}.Debug|Any CPU.ActiveCfg = Debug|Any CPU
		{7BDD5E78-9A84-4553-82ED-08340E689753}.Debug|Any CPU.Build.0 = Debug|Any CPU
		{7BDD5E78-9A84-4553-82ED-08340E689753}.Release|Any CPU.ActiveCfg = Release|Any CPU
		{7BDD5E78-9A84-4553-82ED-08340E689753}.Release|Any CPU.Build.0 = Release|Any CPU
		{069A5319-5A2F-4CA0-A2EB-99B27EE65279}.Debug|Any CPU.ActiveCfg = Debug|Any CPU
		{069A5319-5A2F-4CA0-A2EB-99B27EE65279}.Debug|Any CPU.Build.0 = Debug|Any CPU
		{069A5319-5A2F-4CA0-A2EB-99B27EE65279}.Release|Any CPU.ActiveCfg = Release|Any CPU
		{069A5319-5A2F-4CA0-A2EB-99B27EE65279}.Release|Any CPU.Build.0 = Release|Any CPU
	EndGlobalSection
	GlobalSection(SolutionProperties) = preSolution
		HideSolutionNode = FALSE
	EndGlobalSection
	GlobalSection(ExtensibilityGlobals) = postSolution
		SolutionGuid = {4DD01C76-86C4-410E-9F88-5E1F1E6E0822}
	EndGlobalSection
EndGlobal
